
Microsoft Visual Studio Solution File, Format Version 12.00
# Visual Studio 2013
VisualStudioVersion = 12.0.40629.0
MinimumVisualStudioVersion = 10.0.40219.1
Project("{FAE04EC0-301F-11D3-BF4B-00C04F79EFBC}") = "fangpu_terminal", "fangpu_terminal\fangpu_terminal.csproj", "{6EA97080-3FC0-4C2C-911D-BC985FBD63EE}"
EndProject
Project("{FAE04EC0-301F-11D3-BF4B-00C04F79EFBC}") = "UpdateService", "UpdateService\UpdateService.csproj", "{6966079F-57B9-494A-977C-9DAE18D5C2E3}"
EndProject
Global
	GlobalSection(SolutionConfigurationPlatforms) = preSolution
		CD_ROM|Any CPU = CD_ROM|Any CPU
		CD_ROM|Mixed Platforms = CD_ROM|Mixed Platforms
		CD_ROM|x86 = CD_ROM|x86
		Debug|Any CPU = Debug|Any CPU
		Debug|Mixed Platforms = Debug|Mixed Platforms
		Debug|x86 = Debug|x86
		DVD-5|Any CPU = DVD-5|Any CPU
		DVD-5|Mixed Platforms = DVD-5|Mixed Platforms
		DVD-5|x86 = DVD-5|x86
		Release|Any CPU = Release|Any CPU
		Release|Mixed Platforms = Release|Mixed Platforms
		Release|x86 = Release|x86
		SingleImage|Any CPU = SingleImage|Any CPU
		SingleImage|Mixed Platforms = SingleImage|Mixed Platforms
		SingleImage|x86 = SingleImage|x86
	EndGlobalSection
	GlobalSection(ProjectConfigurationPlatforms) = postSolution
		{6EA97080-3FC0-4C2C-911D-BC985FBD63EE}.CD_ROM|Any CPU.ActiveCfg = Debug|x86
		{6EA97080-3FC0-4C2C-911D-BC985FBD63EE}.CD_ROM|Mixed Platforms.ActiveCfg = Debug|x86
		{6EA97080-3FC0-4C2C-911D-BC985FBD63EE}.CD_ROM|Mixed Platforms.Build.0 = Debug|x86
		{6EA97080-3FC0-4C2C-911D-BC985FBD63EE}.CD_ROM|x86.ActiveCfg = Release|x86
		{6EA97080-3FC0-4C2C-911D-BC985FBD63EE}.CD_ROM|x86.Build.0 = Release|x86
		{6EA97080-3FC0-4C2C-911D-BC985FBD63EE}.Debug|Any CPU.ActiveCfg = Debug|x86
		{6EA97080-3FC0-4C2C-911D-BC985FBD63EE}.Debug|Mixed Platforms.ActiveCfg = Debug|x86
		{6EA97080-3FC0-4C2C-911D-BC985FBD63EE}.Debug|Mixed Platforms.Build.0 = Debug|x86
		{6EA97080-3FC0-4C2C-911D-BC985FBD63EE}.Debug|x86.ActiveCfg = Debug|x86
		{6EA97080-3FC0-4C2C-911D-BC985FBD63EE}.Debug|x86.Build.0 = Debug|x86
		{6EA97080-3FC0-4C2C-911D-BC985FBD63EE}.DVD-5|Any CPU.ActiveCfg = Debug|x86
		{6EA97080-3FC0-4C2C-911D-BC985FBD63EE}.DVD-5|Mixed Platforms.ActiveCfg = Debug|x86
		{6EA97080-3FC0-4C2C-911D-BC985FBD63EE}.DVD-5|Mixed Platforms.Build.0 = Debug|x86
		{6EA97080-3FC0-4C2C-911D-BC985FBD63EE}.DVD-5|x86.ActiveCfg = Debug|x86
		{6EA97080-3FC0-4C2C-911D-BC985FBD63EE}.DVD-5|x86.Build.0 = Debug|x86
		{6EA97080-3FC0-4C2C-911D-BC985FBD63EE}.Release|Any CPU.ActiveCfg = Release|x86
		{6EA97080-3FC0-4C2C-911D-BC985FBD63EE}.Release|Mixed Platforms.ActiveCfg = Release|x86
		{6EA97080-3FC0-4C2C-911D-BC985FBD63EE}.Release|Mixed Platforms.Build.0 = Release|x86
		{6EA97080-3FC0-4C2C-911D-BC985FBD63EE}.Release|x86.ActiveCfg = Release|x86
		{6EA97080-3FC0-4C2C-911D-BC985FBD63EE}.Release|x86.Build.0 = Release|x86
		{6EA97080-3FC0-4C2C-911D-BC985FBD63EE}.SingleImage|Any CPU.ActiveCfg = Debug|x86
		{6EA97080-3FC0-4C2C-911D-BC985FBD63EE}.SingleImage|Mixed Platforms.ActiveCfg = Debug|x86
		{6EA97080-3FC0-4C2C-911D-BC985FBD63EE}.SingleImage|Mixed Platforms.Build.0 = Debug|x86
		{6EA97080-3FC0-4C2C-911D-BC985FBD63EE}.SingleImage|x86.ActiveCfg = Release|x86
		{6EA97080-3FC0-4C2C-911D-BC985FBD63EE}.SingleImage|x86.Build.0 = Release|x86
		{6966079F-57B9-494A-977C-9DAE18D5C2E3}.CD_ROM|Any CPU.ActiveCfg = Release|Any CPU
		{6966079F-57B9-494A-977C-9DAE18D5C2E3}.CD_ROM|Any CPU.Build.0 = Release|Any CPU
		{6966079F-57B9-494A-977C-9DAE18D5C2E3}.CD_ROM|Mixed Platforms.ActiveCfg = Release|Any CPU
		{6966079F-57B9-494A-977C-9DAE18D5C2E3}.CD_ROM|Mixed Platforms.Build.0 = Release|Any CPU
		{6966079F-57B9-494A-977C-9DAE18D5C2E3}.CD_ROM|x86.ActiveCfg = Release|Any CPU
		{6966079F-57B9-494A-977C-9DAE18D5C2E3}.Debug|Any CPU.ActiveCfg = Debug|Any CPU
		{6966079F-57B9-494A-977C-9DAE18D5C2E3}.Debug|Any CPU.Build.0 = Debug|Any CPU
		{6966079F-57B9-494A-977C-9DAE18D5C2E3}.Debug|Mixed Platforms.ActiveCfg = Debug|Any CPU
		{6966079F-57B9-494A-977C-9DAE18D5C2E3}.Debug|Mixed Platforms.Build.0 = Debug|Any CPU
		{6966079F-57B9-494A-977C-9DAE18D5C2E3}.Debug|x86.ActiveCfg = Debug|Any CPU
		{6966079F-57B9-494A-977C-9DAE18D5C2E3}.DVD-5|Any CPU.ActiveCfg = Debug|Any CPU
		{6966079F-57B9-494A-977C-9DAE18D5C2E3}.DVD-5|Any CPU.Build.0 = Debug|Any CPU
		{6966079F-57B9-494A-977C-9DAE18D5C2E3}.DVD-5|Mixed Platforms.ActiveCfg = Debug|Any CPU
		{6966079F-57B9-494A-977C-9DAE18D5C2E3}.DVD-5|Mixed Platforms.Build.0 = Debug|Any CPU
		{6966079F-57B9-494A-977C-9DAE18D5C2E3}.DVD-5|x86.ActiveCfg = Debug|Any CPU
		{6966079F-57B9-494A-977C-9DAE18D5C2E3}.Release|Any CPU.ActiveCfg = Release|Any CPU
		{6966079F-57B9-494A-977C-9DAE18D5C2E3}.Release|Any CPU.Build.0 = Release|Any CPU
		{6966079F-57B9-494A-977C-9DAE18D5C2E3}.Release|Mixed Platforms.ActiveCfg = Release|Any CPU
		{6966079F-57B9-494A-977C-9DAE18D5C2E3}.Release|Mixed Platforms.Build.0 = Release|Any CPU
		{6966079F-57B9-494A-977C-9DAE18D5C2E3}.Release|x86.ActiveCfg = Release|Any CPU
		{6966079F-57B9-494A-977C-9DAE18D5C2E3}.SingleImage|Any CPU.ActiveCfg = Release|Any CPU
		{6966079F-57B9-494A-977C-9DAE18D5C2E3}.SingleImage|Any CPU.Build.0 = Release|Any CPU
		{6966079F-57B9-494A-977C-9DAE18D5C2E3}.SingleImage|Mixed Platforms.ActiveCfg = Release|Any CPU
		{6966079F-57B9-494A-977C-9DAE18D5C2E3}.SingleImage|Mixed Platforms.Build.0 = Release|Any CPU
		{6966079F-57B9-494A-977C-9DAE18D5C2E3}.SingleImage|x86.ActiveCfg = Release|Any CPU
	EndGlobalSection
	GlobalSection(SolutionProperties) = preSolution
		HideSolutionNode = FALSE
	EndGlobalSection
EndGlobal
